
Microsoft Visual Studio Solution File, Format Version 12.00
# Visual Studio Version 17
VisualStudioVersion = 17.2.32602.215
MinimumVisualStudioVersion = 10.0.40219.1
Project("{2150E333-8FDC-42A3-9474-1A3956D46DE8}") = "CapicuaTest", "CapicuaTest", "{1E579114-B6E9-4E3E-B526-875EDCA8D02E}"
EndProject
Project("{9A19103F-16F7-4668-BE54-9A1E7A4F7556}") = "CapicuaAPI", "CapicuaAPI\CapicuaAPI.csproj", "{7CD28BBB-31AE-409A-93C9-02003EC7023C}"
EndProject
Project("{9A19103F-16F7-4668-BE54-9A1E7A4F7556}") = "CapicuaAPI.Test", "CapicuaAPI.Test\CapicuaAPI.Test.csproj", "{11622963-FFAD-4B8C-B5A2-5D9FA2D8E075}"
EndProject
Project("{9A19103F-16F7-4668-BE54-9A1E7A4F7556}") = "CapicuaLibrary", "CapicuaLibrary\CapicuaLibrary.csproj", "{AF748008-0BE0-45D1-823C-F6B2D27C4AD7}"
EndProject
Project("{9A19103F-16F7-4668-BE54-9A1E7A4F7556}") = "CapicuaLibrary.Tests", "CapicuaLibrary.Tests\CapicuaLibrary.Tests.csproj", "{86AC4A36-6FD9-46AA-84C2-22A56A29E256}"
EndProject
Project("{2150E333-8FDC-42A3-9474-1A3956D46DE8}") = "RepeatedNumberTest", "RepeatedNumberTest", "{A58EB24D-8F44-4E74-B540-A6D48D101CA2}"
EndProject
Project("{9A19103F-16F7-4668-BE54-9A1E7A4F7556}") = "TestRepeatedNumber", "TestRepeatedNumber\TestRepeatedNumber.csproj", "{A0889309-26A9-49D0-88EA-418B4DD93B06}"
EndProject
Project("{2150E333-8FDC-42A3-9474-1A3956D46DE8}") = "ReservasAPI", "ReservasAPI", "{BDBB9B29-9A5D-4C43-B1D2-BF1D05ABE528}"
EndProject
Project("{9A19103F-16F7-4668-BE54-9A1E7A4F7556}") = "ReservasAPI", "ReservasAPI\ReservasAPI.csproj", "{62A5FFA0-8287-4D33-A493-175DA424E664}"
EndProject
Project("{9A19103F-16F7-4668-BE54-9A1E7A4F7556}") = "ReservasBusiness", "ReservasBusiness\ReservasBusiness.csproj", "{918DD977-F1BE-4958-A1CF-2EB7436B48A8}"
EndProject
Project("{9A19103F-16F7-4668-BE54-9A1E7A4F7556}") = "ReservasDTOs", "ReservasDTOs\ReservasDTOs.csproj", "{FE7CE62D-D8F9-4BCF-9921-48FF917C38F0}"
EndProject
Project("{9A19103F-16F7-4668-BE54-9A1E7A4F7556}") = "ReservasRepository", "ReservasRepository\ReservasRepository.csproj", "{C0DD3894-F6D6-4D2C-9B1A-BF3BE9E796D2}"
EndProject
Project("{9A19103F-16F7-4668-BE54-9A1E7A4F7556}") = "ReservasUnitTest", "ReservasUnitTest\ReservasUnitTest.csproj", "{C02528B7-DFBB-47CD-84C0-A40CB646E712}"
EndProject
Project("{2150E333-8FDC-42A3-9474-1A3956D46DE8}") = "TestA", "TestA", "{9A74696E-3384-4120-ACC7-E91A31F1DD7E}"
EndProject
Project("{FAE04EC0-301F-11D3-BF4B-00C04F79EFBC}") = "TestA", "TestA\TestA.csproj", "{EE4C803F-1645-4EE3-A978-21A0ADFBB043}"
EndProject
Global
	GlobalSection(SolutionConfigurationPlatforms) = preSolution
		Debug|Any CPU = Debug|Any CPU
		Release|Any CPU = Release|Any CPU
	EndGlobalSection
	GlobalSection(ProjectConfigurationPlatforms) = postSolution
		{7CD28BBB-31AE-409A-93C9-02003EC7023C}.Debug|Any CPU.ActiveCfg = Debug|Any CPU
		{7CD28BBB-31AE-409A-93C9-02003EC7023C}.Debug|Any CPU.Build.0 = Debug|Any CPU
		{7CD28BBB-31AE-409A-93C9-02003EC7023C}.Release|Any CPU.ActiveCfg = Release|Any CPU
		{7CD28BBB-31AE-409A-93C9-02003EC7023C}.Release|Any CPU.Build.0 = Release|Any CPU
		{11622963-FFAD-4B8C-B5A2-5D9FA2D8E075}.Debug|Any CPU.ActiveCfg = Debug|Any CPU
		{11622963-FFAD-4B8C-B5A2-5D9FA2D8E075}.Debug|Any CPU.Build.0 = Debug|Any CPU
		{11622963-FFAD-4B8C-B5A2-5D9FA2D8E075}.Release|Any CPU.ActiveCfg = Release|Any CPU
		{11622963-FFAD-4B8C-B5A2-5D9FA2D8E075}.Release|Any CPU.Build.0 = Release|Any CPU
		{AF748008-0BE0-45D1-823C-F6B2D27C4AD7}.Debug|Any CPU.ActiveCfg = Debug|Any CPU
		{AF748008-0BE0-45D1-823C-F6B2D27C4AD7}.Debug|Any CPU.Build.0 = Debug|Any CPU
		{AF748008-0BE0-45D1-823C-F6B2D27C4AD7}.Release|Any CPU.ActiveCfg = Release|Any CPU
		{AF748008-0BE0-45D1-823C-F6B2D27C4AD7}.Release|Any CPU.Build.0 = Release|Any CPU
		{86AC4A36-6FD9-46AA-84C2-22A56A29E256}.Debug|Any CPU.ActiveCfg = Debug|Any CPU
		{86AC4A36-6FD9-46AA-84C2-22A56A29E256}.Debug|Any CPU.Build.0 = Debug|Any CPU
		{86AC4A36-6FD9-46AA-84C2-22A56A29E256}.Release|Any CPU.ActiveCfg = Release|Any CPU
		{86AC4A36-6FD9-46AA-84C2-22A56A29E256}.Release|Any CPU.Build.0 = Release|Any CPU
		{A0889309-26A9-49D0-88EA-418B4DD93B06}.Debug|Any CPU.ActiveCfg = Debug|Any CPU
		{A0889309-26A9-49D0-88EA-418B4DD93B06}.Debug|Any CPU.Build.0 = Debug|Any CPU
		{A0889309-26A9-49D0-88EA-418B4DD93B06}.Release|Any CPU.ActiveCfg = Release|Any CPU
		{A0889309-26A9-49D0-88EA-418B4DD93B06}.Release|Any CPU.Build.0 = Release|Any CPU
		{62A5FFA0-8287-4D33-A493-175DA424E664}.Debug|Any CPU.ActiveCfg = Debug|Any CPU
		{62A5FFA0-8287-4D33-A493-175DA424E664}.Debug|Any CPU.Build.0 = Debug|Any CPU
		{62A5FFA0-8287-4D33-A493-175DA424E664}.Release|Any CPU.ActiveCfg = Release|Any CPU
		{62A5FFA0-8287-4D33-A493-175DA424E664}.Release|Any CPU.Build.0 = Release|Any CPU
		{918DD977-F1BE-4958-A1CF-2EB7436B48A8}.Debug|Any CPU.ActiveCfg = Debug|Any CPU
		{918DD977-F1BE-4958-A1CF-2EB7436B48A8}.Debug|Any CPU.Build.0 = Debug|Any CPU
		{918DD977-F1BE-4958-A1CF-2EB7436B48A8}.Release|Any CPU.ActiveCfg = Release|Any CPU
		{918DD977-F1BE-4958-A1CF-2EB7436B48A8}.Release|Any CPU.Build.0 = Release|Any CPU
		{FE7CE62D-D8F9-4BCF-9921-48FF917C38F0}.Debug|Any CPU.ActiveCfg = Debug|Any CPU
		{FE7CE62D-D8F9-4BCF-9921-48FF917C38F0}.Debug|Any CPU.Build.0 = Debug|Any CPU
		{FE7CE62D-D8F9-4BCF-9921-48FF917C38F0}.Release|Any CPU.ActiveCfg = Release|Any CPU
		{FE7CE62D-D8F9-4BCF-9921-48FF917C38F0}.Release|Any CPU.Build.0 = Release|Any CPU
		{C0DD3894-F6D6-4D2C-9B1A-BF3BE9E796D2}.Debug|Any CPU.ActiveCfg = Debug|Any CPU
		{C0DD3894-F6D6-4D2C-9B1A-BF3BE9E796D2}.Debug|Any CPU.Build.0 = Debug|Any CPU
		{C0DD3894-F6D6-4D2C-9B1A-BF3BE9E796D2}.Release|Any CPU.ActiveCfg = Release|Any CPU
		{C0DD3894-F6D6-4D2C-9B1A-BF3BE9E796D2}.Release|Any CPU.Build.0 = Release|Any CPU
		{C02528B7-DFBB-47CD-84C0-A40CB646E712}.Debug|Any CPU.ActiveCfg = Debug|Any CPU
		{C02528B7-DFBB-47CD-84C0-A40CB646E712}.Debug|Any CPU.Build.0 = Debug|Any CPU
		{C02528B7-DFBB-47CD-84C0-A40CB646E712}.Release|Any CPU.ActiveCfg = Release|Any CPU
		{C02528B7-DFBB-47CD-84C0-A40CB646E712}.Release|Any CPU.Build.0 = Release|Any CPU
		{EE4C803F-1645-4EE3-A978-21A0ADFBB043}.Debug|Any CPU.ActiveCfg = Debug|Any CPU
		{EE4C803F-1645-4EE3-A978-21A0ADFBB043}.Debug|Any CPU.Build.0 = Debug|Any CPU
		{EE4C803F-1645-4EE3-A978-21A0ADFBB043}.Release|Any CPU.ActiveCfg = Release|Any CPU
		{EE4C803F-1645-4EE3-A978-21A0ADFBB043}.Release|Any CPU.Build.0 = Release|Any CPU
	EndGlobalSection
	GlobalSection(SolutionProperties) = preSolution
		HideSolutionNode = FALSE
	EndGlobalSection
	GlobalSection(NestedProjects) = preSolution
		{7CD28BBB-31AE-409A-93C9-02003EC7023C} = {1E579114-B6E9-4E3E-B526-875EDCA8D02E}
		{11622963-FFAD-4B8C-B5A2-5D9FA2D8E075} = {1E579114-B6E9-4E3E-B526-875EDCA8D02E}
		{AF748008-0BE0-45D1-823C-F6B2D27C4AD7} = {1E579114-B6E9-4E3E-B526-875EDCA8D02E}
		{86AC4A36-6FD9-46AA-84C2-22A56A29E256} = {1E579114-B6E9-4E3E-B526-875EDCA8D02E}
		{A0889309-26A9-49D0-88EA-418B4DD93B06} = {A58EB24D-8F44-4E74-B540-A6D48D101CA2}
		{62A5FFA0-8287-4D33-A493-175DA424E664} = {BDBB9B29-9A5D-4C43-B1D2-BF1D05ABE528}
		{918DD977-F1BE-4958-A1CF-2EB7436B48A8} = {BDBB9B29-9A5D-4C43-B1D2-BF1D05ABE528}
		{FE7CE62D-D8F9-4BCF-9921-48FF917C38F0} = {BDBB9B29-9A5D-4C43-B1D2-BF1D05ABE528}
		{C0DD3894-F6D6-4D2C-9B1A-BF3BE9E796D2} = {BDBB9B29-9A5D-4C43-B1D2-BF1D05ABE528}
		{C02528B7-DFBB-47CD-84C0-A40CB646E712} = {BDBB9B29-9A5D-4C43-B1D2-BF1D05ABE528}
		{EE4C803F-1645-4EE3-A978-21A0ADFBB043} = {9A74696E-3384-4120-ACC7-E91A31F1DD7E}
	EndGlobalSection
	GlobalSection(ExtensibilityGlobals) = postSolution
		SolutionGuid = {396EC1DF-E9C3-4ADC-8E47-8DF0C532107E}
	EndGlobalSection
EndGlobal
